// !$*UTF8*$!
{
	archiveVersion = 1;
	classes = {
	};
	objectVersion = 46;
	objects = {

/* Begin PBXBuildFile section */
		4C32D7991DB85D1900F9BE71 /* AVFoundation.framework in Frameworks */ = {isa = PBXBuildFile; fileRef = 4C32D7981DB85D1900F9BE71 /* AVFoundation.framework */; };
		4C32D79B1DB85D2600F9BE71 /* AudioToolbox.framework in Frameworks */ = {isa = PBXBuildFile; fileRef = 4C32D79A1DB85D2600F9BE71 /* AudioToolbox.framework */; };
		4C32D79D1DB85D3700F9BE71 /* CoreAudio.framework in Frameworks */ = {isa = PBXBuildFile; fileRef = 4C32D79C1DB85D3700F9BE71 /* CoreAudio.framework */; };
		4C32D79F1DB85D4000F9BE71 /* CoreGraphics.framework in Frameworks */ = {isa = PBXBuildFile; fileRef = 4C32D79E1DB85D4000F9BE71 /* CoreGraphics.framework */; };
		4C32D7A11DB85D5900F9BE71 /* CoreVideo.framework in Frameworks */ = {isa = PBXBuildFile; fileRef = 4C32D7A01DB85D5900F9BE71 /* CoreVideo.framework */; };
		4C32D7A31DB85D6800F9BE71 /* MediaPlayer.framework in Frameworks */ = {isa = PBXBuildFile; fileRef = 4C32D7A21DB85D6800F9BE71 /* MediaPlayer.framework */; };
		4C32D7A51DB85D7600F9BE71 /* MobileCoreServices.framework in Frameworks */ = {isa = PBXBuildFile; fileRef = 4C32D7A41DB85D7600F9BE71 /* MobileCoreServices.framework */; };
		4C32D7A71DB85D8500F9BE71 /* OpenGLES.framework in Frameworks */ = {isa = PBXBuildFile; fileRef = 4C32D7A61DB85D8500F9BE71 /* OpenGLES.framework */; };
		4C32D7A91DB85D9500F9BE71 /* QuartzCore.framework in Frameworks */ = {isa = PBXBuildFile; fileRef = 4C32D7A81DB85D9500F9BE71 /* QuartzCore.framework */; };
		4C32D7AB1DB85D9F00F9BE71 /* UIKit.framework in Frameworks */ = {isa = PBXBuildFile; fileRef = 4C32D7AA1DB85D9F00F9BE71 /* UIKit.framework */; };
		4C32D7AD1DB85DAC00F9BE71 /* VideoToolbox.framework in Frameworks */ = {isa = PBXBuildFile; fileRef = 4C32D7AC1DB85DAC00F9BE71 /* VideoToolbox.framework */; };
		4C32D7AF1DB85DBA00F9BE71 /* libz.tbd in Frameworks */ = {isa = PBXBuildFile; fileRef = 4C32D7AE1DB85DBA00F9BE71 /* libz.tbd */; };
		4C32D7B11DB85DD000F9BE71 /* libbz2.tbd in Frameworks */ = {isa = PBXBuildFile; fileRef = 4C32D7B01DB85DD000F9BE71 /* libbz2.tbd */; };
		4C32D7B61DB862BA00F9BE71 /* IJKMediaFramework.framework in Frameworks */ = {isa = PBXBuildFile; fileRef = 4C32D7B51DB862BA00F9BE71 /* IJKMediaFramework.framework */; };
		4C32D7E81DB86CB900F9BE71 /* YZCaptureViewController.m in Sources */ = {isa = PBXBuildFile; fileRef = 4C32D7D21DB86CB900F9BE71 /* YZCaptureViewController.m */; };
		4C32D7E91DB86CB900F9BE71 /* YZCaptureViewController.xib in Resources */ = {isa = PBXBuildFile; fileRef = 4C32D7D31DB86CB900F9BE71 /* YZCaptureViewController.xib */; };
		4C3947DF1DB75BEE00ABAF1F /* main.m in Sources */ = {isa = PBXBuildFile; fileRef = 4C3947DE1DB75BEE00ABAF1F /* main.m */; };
		4C3947E21DB75BEE00ABAF1F /* AppDelegate.m in Sources */ = {isa = PBXBuildFile; fileRef = 4C3947E11DB75BEE00ABAF1F /* AppDelegate.m */; };
		4C3947EA1DB75BEE00ABAF1F /* Assets.xcassets in Resources */ = {isa = PBXBuildFile; fileRef = 4C3947E91DB75BEE00ABAF1F /* Assets.xcassets */; };
		4C3947ED1DB75BEE00ABAF1F /* LaunchScreen.storyboard in Resources */ = {isa = PBXBuildFile; fileRef = 4C3947EB1DB75BEE00ABAF1F /* LaunchScreen.storyboard */; };
		4CA3DD411DB8AE3300101C7E /* WZMainViewController.m in Sources */ = {isa = PBXBuildFile; fileRef = 4CA3DD401DB8AE3300101C7E /* WZMainViewController.m */; };
		4CA3DD451DB8B6B100101C7E /* WZBroadcastListController.m in Sources */ = {isa = PBXBuildFile; fileRef = 4CA3DD441DB8B6B100101C7E /* WZBroadcastListController.m */; };
		4CA3DD481DB8B9ED00101C7E /* WZCreatorItem.m in Sources */ = {isa = PBXBuildFile; fileRef = 4CA3DD471DB8B9ED00101C7E /* WZCreatorItem.m */; };
		4CA3DD4B1DB8BA1800101C7E /* WZLiveItem.m in Sources */ = {isa = PBXBuildFile; fileRef = 4CA3DD4A1DB8BA1800101C7E /* WZLiveItem.m */; };
		4CA3DD4F1DB8BBA400101C7E /* WZLiveCell.m in Sources */ = {isa = PBXBuildFile; fileRef = 4CA3DD4D1DB8BBA400101C7E /* WZLiveCell.m */; };
		4CA3DD501DB8BBA400101C7E /* WZLiveCell.xib in Resources */ = {isa = PBXBuildFile; fileRef = 4CA3DD4E1DB8BBA400101C7E /* WZLiveCell.xib */; };
		4CA3DD531DB8BFD400101C7E /* WZLiveViewController.m in Sources */ = {isa = PBXBuildFile; fileRef = 4CA3DD521DB8BFD400101C7E /* WZLiveViewController.m */; };
		64FEC92E872407EB53213165 /* libPods.a in Frameworks */ = {isa = PBXBuildFile; fileRef = 69B9AF31C285ACA0253E55E7 /* libPods.a */; };
/* End PBXBuildFile section */

/* Begin PBXFileReference section */
		30B1D8CA7F4F293FD13D7A44 /* Pods.debug.xcconfig */ = {isa = PBXFileReference; includeInIndex = 1; lastKnownFileType = text.xcconfig; name = Pods.debug.xcconfig; path = "Pods/Target Support Files/Pods/Pods.debug.xcconfig"; sourceTree = "<group>"; };
		4C32D7981DB85D1900F9BE71 /* AVFoundation.framework */ = {isa = PBXFileReference; lastKnownFileType = wrapper.framework; name = AVFoundation.framework; path = System/Library/Frameworks/AVFoundation.framework; sourceTree = SDKROOT; };
		4C32D79A1DB85D2600F9BE71 /* AudioToolbox.framework */ = {isa = PBXFileReference; lastKnownFileType = wrapper.framework; name = AudioToolbox.framework; path = System/Library/Frameworks/AudioToolbox.framework; sourceTree = SDKROOT; };
		4C32D79C1DB85D3700F9BE71 /* CoreAudio.framework */ = {isa = PBXFileReference; lastKnownFileType = wrapper.framework; name = CoreAudio.framework; path = System/Library/Frameworks/CoreAudio.framework; sourceTree = SDKROOT; };
		4C32D79E1DB85D4000F9BE71 /* CoreGraphics.framework */ = {isa = PBXFileReference; lastKnownFileType = wrapper.framework; name = CoreGraphics.framework; path = System/Library/Frameworks/CoreGraphics.framework; sourceTree = SDKROOT; };
		4C32D7A01DB85D5900F9BE71 /* CoreVideo.framework */ = {isa = PBXFileReference; lastKnownFileType = wrapper.framework; name = CoreVideo.framework; path = System/Library/Frameworks/CoreVideo.framework; sourceTree = SDKROOT; };
		4C32D7A21DB85D6800F9BE71 /* MediaPlayer.framework */ = {isa = PBXFileReference; lastKnownFileType = wrapper.framework; name = MediaPlayer.framework; path = System/Library/Frameworks/MediaPlayer.framework; sourceTree = SDKROOT; };
		4C32D7A41DB85D7600F9BE71 /* MobileCoreServices.framework */ = {isa = PBXFileReference; lastKnownFileType = wrapper.framework; name = MobileCoreServices.framework; path = System/Library/Frameworks/MobileCoreServices.framework; sourceTree = SDKROOT; };
		4C32D7A61DB85D8500F9BE71 /* OpenGLES.framework */ = {isa = PBXFileReference; lastKnownFileType = wrapper.framework; name = OpenGLES.framework; path = System/Library/Frameworks/OpenGLES.framework; sourceTree = SDKROOT; };
		4C32D7A81DB85D9500F9BE71 /* QuartzCore.framework */ = {isa = PBXFileReference; lastKnownFileType = wrapper.framework; name = QuartzCore.framework; path = System/Library/Frameworks/QuartzCore.framework; sourceTree = SDKROOT; };
		4C32D7AA1DB85D9F00F9BE71 /* UIKit.framework */ = {isa = PBXFileReference; lastKnownFileType = wrapper.framework; name = UIKit.framework; path = System/Library/Frameworks/UIKit.framework; sourceTree = SDKROOT; };
		4C32D7AC1DB85DAC00F9BE71 /* VideoToolbox.framework */ = {isa = PBXFileReference; lastKnownFileType = wrapper.framework; name = VideoToolbox.framework; path = System/Library/Frameworks/VideoToolbox.framework; sourceTree = SDKROOT; };
		4C32D7AE1DB85DBA00F9BE71 /* libz.tbd */ = {isa = PBXFileReference; lastKnownFileType = "sourcecode.text-based-dylib-definition"; name = libz.tbd; path = usr/lib/libz.tbd; sourceTree = SDKROOT; };
		4C32D7B01DB85DD000F9BE71 /* libbz2.tbd */ = {isa = PBXFileReference; lastKnownFileType = "sourcecode.text-based-dylib-definition"; name = libbz2.tbd; path = usr/lib/libbz2.tbd; sourceTree = SDKROOT; };
		4C32D7B51DB862BA00F9BE71 /* IJKMediaFramework.framework */ = {isa = PBXFileReference; lastKnownFileType = wrapper.framework; path = IJKMediaFramework.framework; sourceTree = "<group>"; };
		4C32D7D11DB86CB900F9BE71 /* YZCaptureViewController.h */ = {isa = PBXFileReference; fileEncoding = 4; lastKnownFileType = sourcecode.c.h; path = YZCaptureViewController.h; sourceTree = "<group>"; };
		4C32D7D21DB86CB900F9BE71 /* YZCaptureViewController.m */ = {isa = PBXFileReference; fileEncoding = 4; lastKnownFileType = sourcecode.c.objc; path = YZCaptureViewController.m; sourceTree = "<group>"; };
		4C32D7D31DB86CB900F9BE71 /* YZCaptureViewController.xib */ = {isa = PBXFileReference; fileEncoding = 4; lastKnownFileType = file.xib; path = YZCaptureViewController.xib; sourceTree = "<group>"; };
		4C3947DA1DB75BEE00ABAF1F /* WZLiveDemo.app */ = {isa = PBXFileReference; explicitFileType = wrapper.application; includeInIndex = 0; path = WZLiveDemo.app; sourceTree = BUILT_PRODUCTS_DIR; };
		4C3947DE1DB75BEE00ABAF1F /* main.m */ = {isa = PBXFileReference; lastKnownFileType = sourcecode.c.objc; path = main.m; sourceTree = "<group>"; };
		4C3947E01DB75BEE00ABAF1F /* AppDelegate.h */ = {isa = PBXFileReference; lastKnownFileType = sourcecode.c.h; path = AppDelegate.h; sourceTree = "<group>"; };
		4C3947E11DB75BEE00ABAF1F /* AppDelegate.m */ = {isa = PBXFileReference; lastKnownFileType = sourcecode.c.objc; path = AppDelegate.m; sourceTree = "<group>"; };
		4C3947E91DB75BEE00ABAF1F /* Assets.xcassets */ = {isa = PBXFileReference; lastKnownFileType = folder.assetcatalog; path = Assets.xcassets; sourceTree = "<group>"; };
		4C3947EC1DB75BEE00ABAF1F /* Base */ = {isa = PBXFileReference; lastKnownFileType = file.storyboard; name = Base; path = Base.lproj/LaunchScreen.storyboard; sourceTree = "<group>"; };
		4C3947EE1DB75BEE00ABAF1F /* Info.plist */ = {isa = PBXFileReference; lastKnownFileType = text.plist.xml; path = Info.plist; sourceTree = "<group>"; };
		4CA3DD3F1DB8AE3300101C7E /* WZMainViewController.h */ = {isa = PBXFileReference; fileEncoding = 4; lastKnownFileType = sourcecode.c.h; path = WZMainViewController.h; sourceTree = "<group>"; };
		4CA3DD401DB8AE3300101C7E /* WZMainViewController.m */ = {isa = PBXFileReference; fileEncoding = 4; lastKnownFileType = sourcecode.c.objc; path = WZMainViewController.m; sourceTree = "<group>"; };
		4CA3DD421DB8B35C00101C7E /* PrefixHeader.pch */ = {isa = PBXFileReference; lastKnownFileType = sourcecode.c.h; path = PrefixHeader.pch; sourceTree = "<group>"; };
		4CA3DD431DB8B6B100101C7E /* WZBroadcastListController.h */ = {isa = PBXFileReference; fileEncoding = 4; lastKnownFileType = sourcecode.c.h; path = WZBroadcastListController.h; sourceTree = "<group>"; };
		4CA3DD441DB8B6B100101C7E /* WZBroadcastListController.m */ = {isa = PBXFileReference; fileEncoding = 4; lastKnownFileType = sourcecode.c.objc; path = WZBroadcastListController.m; sourceTree = "<group>"; };
		4CA3DD461DB8B9ED00101C7E /* WZCreatorItem.h */ = {isa = PBXFileReference; fileEncoding = 4; lastKnownFileType = sourcecode.c.h; path = WZCreatorItem.h; sourceTree = "<group>"; };
		4CA3DD471DB8B9ED00101C7E /* WZCreatorItem.m */ = {isa = PBXFileReference; fileEncoding = 4; lastKnownFileType = sourcecode.c.objc; path = WZCreatorItem.m; sourceTree = "<group>"; };
		4CA3DD491DB8BA1800101C7E /* WZLiveItem.h */ = {isa = PBXFileReference; fileEncoding = 4; lastKnownFileType = sourcecode.c.h; path = WZLiveItem.h; sourceTree = "<group>"; };
		4CA3DD4A1DB8BA1800101C7E /* WZLiveItem.m */ = {isa = PBXFileReference; fileEncoding = 4; lastKnownFileType = sourcecode.c.objc; path = WZLiveItem.m; sourceTree = "<group>"; };
		4CA3DD4C1DB8BBA400101C7E /* WZLiveCell.h */ = {isa = PBXFileReference; fileEncoding = 4; lastKnownFileType = sourcecode.c.h; path = WZLiveCell.h; sourceTree = "<group>"; };
		4CA3DD4D1DB8BBA400101C7E /* WZLiveCell.m */ = {isa = PBXFileReference; fileEncoding = 4; lastKnownFileType = sourcecode.c.objc; path = WZLiveCell.m; sourceTree = "<group>"; };
		4CA3DD4E1DB8BBA400101C7E /* WZLiveCell.xib */ = {isa = PBXFileReference; fileEncoding = 4; lastKnownFileType = file.xib; path = WZLiveCell.xib; sourceTree = "<group>"; };
		4CA3DD511DB8BFD400101C7E /* WZLiveViewController.h */ = {isa = PBXFileReference; fileEncoding = 4; lastKnownFileType = sourcecode.c.h; path = WZLiveViewController.h; sourceTree = "<group>"; };
		4CA3DD521DB8BFD400101C7E /* WZLiveViewController.m */ = {isa = PBXFileReference; fileEncoding = 4; lastKnownFileType = sourcecode.c.objc; path = WZLiveViewController.m; sourceTree = "<group>"; };
		4D91904E1AEBA39D8299E528 /* Pods.release.xcconfig */ = {isa = PBXFileReference; includeInIndex = 1; lastKnownFileType = text.xcconfig; name = Pods.release.xcconfig; path = "Pods/Target Support Files/Pods/Pods.release.xcconfig"; sourceTree = "<group>"; };
		69B9AF31C285ACA0253E55E7 /* libPods.a */ = {isa = PBXFileReference; explicitFileType = archive.ar; includeInIndex = 0; path = libPods.a; sourceTree = BUILT_PRODUCTS_DIR; };
/* End PBXFileReference section */

/* Begin PBXFrameworksBuildPhase section */
		4C3947D71DB75BEE00ABAF1F /* Frameworks */ = {
			isa = PBXFrameworksBuildPhase;
			buildActionMask = 2147483647;
			files = (
				4C32D7B11DB85DD000F9BE71 /* libbz2.tbd in Frameworks */,
				4C32D7AF1DB85DBA00F9BE71 /* libz.tbd in Frameworks */,
				4C32D7AD1DB85DAC00F9BE71 /* VideoToolbox.framework in Frameworks */,
				4C32D7AB1DB85D9F00F9BE71 /* UIKit.framework in Frameworks */,
				4C32D7A91DB85D9500F9BE71 /* QuartzCore.framework in Frameworks */,
				4C32D7A71DB85D8500F9BE71 /* OpenGLES.framework in Frameworks */,
				4C32D7A51DB85D7600F9BE71 /* MobileCoreServices.framework in Frameworks */,
				4C32D7A31DB85D6800F9BE71 /* MediaPlayer.framework in Frameworks */,
				4C32D7A11DB85D5900F9BE71 /* CoreVideo.framework in Frameworks */,
				4C32D79F1DB85D4000F9BE71 /* CoreGraphics.framework in Frameworks */,
				4C32D79D1DB85D3700F9BE71 /* CoreAudio.framework in Frameworks */,
				4C32D79B1DB85D2600F9BE71 /* AudioToolbox.framework in Frameworks */,
				4C32D7991DB85D1900F9BE71 /* AVFoundation.framework in Frameworks */,
				4C32D7B61DB862BA00F9BE71 /* IJKMediaFramework.framework in Frameworks */,
				64FEC92E872407EB53213165 /* libPods.a in Frameworks */,
			);
			runOnlyForDeploymentPostprocessing = 0;
		};
/* End PBXFrameworksBuildPhase section */

/* Begin PBXGroup section */
		4C32D7971DB85D1900F9BE71 /* Frameworks */ = {
			isa = PBXGroup;
			children = (
				4C32D7B51DB862BA00F9BE71 /* IJKMediaFramework.framework */,
				4C32D7B01DB85DD000F9BE71 /* libbz2.tbd */,
				4C32D7AE1DB85DBA00F9BE71 /* libz.tbd */,
				4C32D7AC1DB85DAC00F9BE71 /* VideoToolbox.framework */,
				4C32D7AA1DB85D9F00F9BE71 /* UIKit.framework */,
				4C32D7A81DB85D9500F9BE71 /* QuartzCore.framework */,
				4C32D7A61DB85D8500F9BE71 /* OpenGLES.framework */,
				4C32D7A41DB85D7600F9BE71 /* MobileCoreServices.framework */,
				4C32D7A21DB85D6800F9BE71 /* MediaPlayer.framework */,
				4C32D7A01DB85D5900F9BE71 /* CoreVideo.framework */,
				4C32D79E1DB85D4000F9BE71 /* CoreGraphics.framework */,
				4C32D79C1DB85D3700F9BE71 /* CoreAudio.framework */,
				4C32D79A1DB85D2600F9BE71 /* AudioToolbox.framework */,
				4C32D7981DB85D1900F9BE71 /* AVFoundation.framework */,
				69B9AF31C285ACA0253E55E7 /* libPods.a */,
			);
			name = Frameworks;
			sourceTree = "<group>";
		};
		4C32D7CB1DB86CB900F9BE71 /* BroadcastList */ = {
			isa = PBXGroup;
			children = (
				4C32D7CC1DB86CB900F9BE71 /* Controller */,
			);
			path = BroadcastList;
			sourceTree = "<group>";
		};
		4C32D7CC1DB86CB900F9BE71 /* Controller */ = {
			isa = PBXGroup;
			children = (
				4CA3DD431DB8B6B100101C7E /* WZBroadcastListController.h */,
				4CA3DD441DB8B6B100101C7E /* WZBroadcastListController.m */,
			);
			path = Controller;
			sourceTree = "<group>";
		};
		4C32D7CF1DB86CB900F9BE71 /* Caputure */ = {
			isa = PBXGroup;
			children = (
				4C32D7D01DB86CB900F9BE71 /* Controller */,
			);
			path = Caputure;
			sourceTree = "<group>";
		};
		4C32D7D01DB86CB900F9BE71 /* Controller */ = {
			isa = PBXGroup;
			children = (
				4C32D7D11DB86CB900F9BE71 /* YZCaptureViewController.h */,
				4C32D7D21DB86CB900F9BE71 /* YZCaptureViewController.m */,
				4C32D7D31DB86CB900F9BE71 /* YZCaptureViewController.xib */,
			);
			path = Controller;
			sourceTree = "<group>";
		};
		4C32D7D41DB86CB900F9BE71 /* Live */ = {
			isa = PBXGroup;
			children = (
				4C32D7D51DB86CB900F9BE71 /* Controller */,
				4C32D7D91DB86CB900F9BE71 /* Model */,
				4C32D7DE1DB86CB900F9BE71 /* View */,
			);
			path = Live;
			sourceTree = "<group>";
		};
		4C32D7D51DB86CB900F9BE71 /* Controller */ = {
			isa = PBXGroup;
			children = (
				4CA3DD511DB8BFD400101C7E /* WZLiveViewController.h */,
				4CA3DD521DB8BFD400101C7E /* WZLiveViewController.m */,
			);
			path = Controller;
			sourceTree = "<group>";
		};
		4C32D7D91DB86CB900F9BE71 /* Model */ = {
			isa = PBXGroup;
			children = (
				4CA3DD461DB8B9ED00101C7E /* WZCreatorItem.h */,
				4CA3DD471DB8B9ED00101C7E /* WZCreatorItem.m */,
				4CA3DD491DB8BA1800101C7E /* WZLiveItem.h */,
				4CA3DD4A1DB8BA1800101C7E /* WZLiveItem.m */,
			);
			path = Model;
			sourceTree = "<group>";
		};
		4C32D7DE1DB86CB900F9BE71 /* View */ = {
			isa = PBXGroup;
			children = (
				4CA3DD4C1DB8BBA400101C7E /* WZLiveCell.h */,
				4CA3DD4D1DB8BBA400101C7E /* WZLiveCell.m */,
				4CA3DD4E1DB8BBA400101C7E /* WZLiveCell.xib */,
			);
			path = View;
			sourceTree = "<group>";
		};
		4C32D7E21DB86CB900F9BE71 /* Main */ = {
			isa = PBXGroup;
			children = (
				4C32D7E31DB86CB900F9BE71 /* Controller */,
			);
			path = Main;
			sourceTree = "<group>";
		};
		4C32D7E31DB86CB900F9BE71 /* Controller */ = {
			isa = PBXGroup;
			children = (
				4CA3DD3F1DB8AE3300101C7E /* WZMainViewController.h */,
				4CA3DD401DB8AE3300101C7E /* WZMainViewController.m */,
			);
			path = Controller;
			sourceTree = "<group>";
		};
		4C3947D11DB75BEE00ABAF1F = {
			isa = PBXGroup;
			children = (
				4C3947DC1DB75BEE00ABAF1F /* WZLiveDemo */,
				4C3947DB1DB75BEE00ABAF1F /* Products */,
				4C32D7971DB85D1900F9BE71 /* Frameworks */,
				D4457E157212A87350B6882C /* Pods */,
			);
			sourceTree = "<group>";
		};
		4C3947DB1DB75BEE00ABAF1F /* Products */ = {
			isa = PBXGroup;
			children = (
				4C3947DA1DB75BEE00ABAF1F /* WZLiveDemo.app */,
			);
			name = Products;
			sourceTree = "<group>";
		};
		4C3947DC1DB75BEE00ABAF1F /* WZLiveDemo */ = {
			isa = PBXGroup;
			children = (
				4C3947E01DB75BEE00ABAF1F /* AppDelegate.h */,
				4C3947E11DB75BEE00ABAF1F /* AppDelegate.m */,
				4C32D7CB1DB86CB900F9BE71 /* BroadcastList */,
				4C32D7CF1DB86CB900F9BE71 /* Caputure */,
				4C32D7D41DB86CB900F9BE71 /* Live */,
				4C32D7E21DB86CB900F9BE71 /* Main */,
				4C3947E91DB75BEE00ABAF1F /* Assets.xcassets */,
				4C3947EB1DB75BEE00ABAF1F /* LaunchScreen.storyboard */,
				4C3947EE1DB75BEE00ABAF1F /* Info.plist */,
				4C3947DD1DB75BEE00ABAF1F /* Supporting Files */,
			);
			path = WZLiveDemo;
			sourceTree = "<group>";
		};
		4C3947DD1DB75BEE00ABAF1F /* Supporting Files */ = {
			isa = PBXGroup;
			children = (
				4C3947DE1DB75BEE00ABAF1F /* main.m */,
				4CA3DD421DB8B35C00101C7E /* PrefixHeader.pch */,
			);
			name = "Supporting Files";
			sourceTree = "<group>";
		};
		D4457E157212A87350B6882C /* Pods */ = {
			isa = PBXGroup;
			children = (
				30B1D8CA7F4F293FD13D7A44 /* Pods.debug.xcconfig */,
				4D91904E1AEBA39D8299E528 /* Pods.release.xcconfig */,
			);
			name = Pods;
			sourceTree = "<group>";
		};
/* End PBXGroup section */

/* Begin PBXNativeTarget section */
		4C3947D91DB75BEE00ABAF1F /* WZLiveDemo */ = {
			isa = PBXNativeTarget;
			buildConfigurationList = 4C3947F11DB75BEE00ABAF1F /* Build configuration list for PBXNativeTarget "WZLiveDemo" */;
			buildPhases = (
				439B615B2F7EDEB864C3ACFF /* Check Pods Manifest.lock */,
				4C3947D61DB75BEE00ABAF1F /* Sources */,
				4C3947D71DB75BEE00ABAF1F /* Frameworks */,
				4C3947D81DB75BEE00ABAF1F /* Resources */,
				52871413F24D576034576D0D /* Embed Pods Frameworks */,
				8D43974FB993943A7C827DF1 /* Copy Pods Resources */,
			);
			buildRules = (
			);
			dependencies = (
			);
			name = WZLiveDemo;
			productName = WZLiveDemo;
			productReference = 4C3947DA1DB75BEE00ABAF1F /* WZLiveDemo.app */;
			productType = "com.apple.product-type.application";
		};
/* End PBXNativeTarget section */

/* Begin PBXProject section */
		4C3947D21DB75BEE00ABAF1F /* Project object */ = {
			isa = PBXProject;
			attributes = {
				CLASSPREFIX = WZ;
				LastUpgradeCheck = 0800;
				ORGANIZATIONNAME = songbiwen;
				TargetAttributes = {
					4C3947D91DB75BEE00ABAF1F = {
						CreatedOnToolsVersion = 8.0;
						DevelopmentTeam = 8XMYBN9U4K;
						ProvisioningStyle = Automatic;
					};
				};
			};
			buildConfigurationList = 4C3947D51DB75BEE00ABAF1F /* Build configuration list for PBXProject "WZLiveDemo" */;
			compatibilityVersion = "Xcode 3.2";
			developmentRegion = English;
			hasScannedForEncodings = 0;
			knownRegions = (
				en,
				Base,
			);
			mainGroup = 4C3947D11DB75BEE00ABAF1F;
			productRefGroup = 4C3947DB1DB75BEE00ABAF1F /* Products */;
			projectDirPath = "";
			projectRoot = "";
			targets = (
				4C3947D91DB75BEE00ABAF1F /* WZLiveDemo */,
			);
		};
/* End PBXProject section */

/* Begin PBXResourcesBuildPhase section */
		4C3947D81DB75BEE00ABAF1F /* Resources */ = {
			isa = PBXResourcesBuildPhase;
			buildActionMask = 2147483647;
			files = (
				4C3947ED1DB75BEE00ABAF1F /* LaunchScreen.storyboard in Resources */,
				4C3947EA1DB75BEE00ABAF1F /* Assets.xcassets in Resources */,
				4C32D7E91DB86CB900F9BE71 /* YZCaptureViewController.xib in Resources */,
				4CA3DD501DB8BBA400101C7E /* WZLiveCell.xib in Resources */,
			);
			runOnlyForDeploymentPostprocessing = 0;
		};
/* End PBXResourcesBuildPhase section */

/* Begin PBXShellScriptBuildPhase section */
		439B615B2F7EDEB864C3ACFF /* Check Pods Manifest.lock */ = {
			isa = PBXShellScriptBuildPhase;
			buildActionMask = 2147483647;
			files = (
			);
			inputPaths = (
			);
			name = "Check Pods Manifest.lock";
			outputPaths = (
			);
			runOnlyForDeploymentPostprocessing = 0;
			shellPath = /bin/sh;
			shellScript = "diff \"${PODS_ROOT}/../Podfile.lock\" \"${PODS_ROOT}/Manifest.lock\" > /dev/null\nif [[ $? != 0 ]] ; then\n    cat << EOM\nerror: The sandbox is not in sync with the Podfile.lock. Run 'pod install' or update your CocoaPods installation.\nEOM\n    exit 1\nfi\n";
			showEnvVarsInLog = 0;
		};
		52871413F24D576034576D0D /* Embed Pods Frameworks */ = {
			isa = PBXShellScriptBuildPhase;
			buildActionMask = 2147483647;
			files = (
			);
			inputPaths = (
			);
			name = "Embed Pods Frameworks";
			outputPaths = (
			);
			runOnlyForDeploymentPostprocessing = 0;
			shellPath = /bin/sh;
			shellScript = "\"${SRCROOT}/Pods/Target Support Files/Pods/Pods-frameworks.sh\"\n";
			showEnvVarsInLog = 0;
		};
		8D43974FB993943A7C827DF1 /* Copy Pods Resources */ = {
			isa = PBXShellScriptBuildPhase;
			buildActionMask = 2147483647;
			files = (
			);
			inputPaths = (
			);
			name = "Copy Pods Resources";
			outputPaths = (
			);
			runOnlyForDeploymentPostprocessing = 0;
			shellPath = /bin/sh;
			shellScript = "\"${SRCROOT}/Pods/Target Support Files/Pods/Pods-resources.sh\"\n";
			showEnvVarsInLog = 0;
		};
/* End PBXShellScriptBuildPhase section */

/* Begin PBXSourcesBuildPhase section */
		4C3947D61DB75BEE00ABAF1F /* Sources */ = {
			isa = PBXSourcesBuildPhase;
			buildActionMask = 2147483647;
			files = (
				4CA3DD451DB8B6B100101C7E /* WZBroadcastListController.m in Sources */,
				4CA3DD411DB8AE3300101C7E /* WZMainViewController.m in Sources */,
				4CA3DD4F1DB8BBA400101C7E /* WZLiveCell.m in Sources */,
				4CA3DD531DB8BFD400101C7E /* WZLiveViewController.m in Sources */,
				4C3947E21DB75BEE00ABAF1F /* AppDelegate.m in Sources */,
				4C3947DF1DB75BEE00ABAF1F /* main.m in Sources */,
				4CA3DD481DB8B9ED00101C7E /* WZCreatorItem.m in Sources */,
				4C32D7E81DB86CB900F9BE71 /* YZCaptureViewController.m in Sources */,
				4CA3DD4B1DB8BA1800101C7E /* WZLiveItem.m in Sources */,
			);
			runOnlyForDeploymentPostprocessing = 0;
		};
/* End PBXSourcesBuildPhase section */

/* Begin PBXVariantGroup section */
		4C3947EB1DB75BEE00ABAF1F /* LaunchScreen.storyboard */ = {
			isa = PBXVariantGroup;
			children = (
				4C3947EC1DB75BEE00ABAF1F /* Base */,
			);
			name = LaunchScreen.storyboard;
			sourceTree = "<group>";
		};
/* End PBXVariantGroup section */

/* Begin XCBuildConfiguration section */
		4C3947EF1DB75BEE00ABAF1F /* Debug */ = {
			isa = XCBuildConfiguration;
			buildSettings = {
				ALWAYS_SEARCH_USER_PATHS = NO;
				CLANG_ANALYZER_NONNULL = YES;
				CLANG_CXX_LANGUAGE_STANDARD = "gnu++0x";
				CLANG_CXX_LIBRARY = "libc++";
				CLANG_ENABLE_MODULES = YES;
				CLANG_ENABLE_OBJC_ARC = YES;
				CLANG_WARN_BOOL_CONVERSION = YES;
				CLANG_WARN_CONSTANT_CONVERSION = YES;
				CLANG_WARN_DIRECT_OBJC_ISA_USAGE = YES_ERROR;
				CLANG_WARN_DOCUMENTATION_COMMENTS = YES;
				CLANG_WARN_EMPTY_BODY = YES;
				CLANG_WARN_ENUM_CONVERSION = YES;
				CLANG_WARN_INFINITE_RECURSION = YES;
				CLANG_WARN_INT_CONVERSION = YES;
				CLANG_WARN_OBJC_ROOT_CLASS = YES_ERROR;
				CLANG_WARN_SUSPICIOUS_MOVES = YES;
				CLANG_WARN_UNREACHABLE_CODE = YES;
				CLANG_WARN__DUPLICATE_METHOD_MATCH = YES;
				"CODE_SIGN_IDENTITY[sdk=iphoneos*]" = "iPhone Developer";
				COPY_PHASE_STRIP = NO;
				DEBUG_INFORMATION_FORMAT = dwarf;
				ENABLE_STRICT_OBJC_MSGSEND = YES;
				ENABLE_TESTABILITY = YES;
				GCC_C_LANGUAGE_STANDARD = gnu99;
				GCC_DYNAMIC_NO_PIC = NO;
				GCC_NO_COMMON_BLOCKS = YES;
				GCC_OPTIMIZATION_LEVEL = 0;
				GCC_PREPROCESSOR_DEFINITIONS = (
					"DEBUG=1",
					"$(inherited)",
				);
				GCC_WARN_64_TO_32_BIT_CONVERSION = YES;
				GCC_WARN_ABOUT_RETURN_TYPE = YES_ERROR;
				GCC_WARN_UNDECLARED_SELECTOR = YES;
				GCC_WARN_UNINITIALIZED_AUTOS = YES_AGGRESSIVE;
				GCC_WARN_UNUSED_FUNCTION = YES;
				GCC_WARN_UNUSED_VARIABLE = YES;
				IPHONEOS_DEPLOYMENT_TARGET = 10.0;
				MTL_ENABLE_DEBUG_INFO = YES;
				ONLY_ACTIVE_ARCH = YES;
				SDKROOT = iphoneos;
			};
			name = Debug;
		};
		4C3947F01DB75BEE00ABAF1F /* Release */ = {
			isa = XCBuildConfiguration;
			buildSettings = {
				ALWAYS_SEARCH_USER_PATHS = NO;
				CLANG_ANALYZER_NONNULL = YES;
				CLANG_CXX_LANGUAGE_STANDARD = "gnu++0x";
				CLANG_CXX_LIBRARY = "libc++";
				CLANG_ENABLE_MODULES = YES;
				CLANG_ENABLE_OBJC_ARC = YES;
				CLANG_WARN_BOOL_CONVERSION = YES;
				CLANG_WARN_CONSTANT_CONVERSION = YES;
				CLANG_WARN_DIRECT_OBJC_ISA_USAGE = YES_ERROR;
				CLANG_WARN_DOCUMENTATION_COMMENTS = YES;
				CLANG_WARN_EMPTY_BODY = YES;
				CLANG_WARN_ENUM_CONVERSION = YES;
				CLANG_WARN_INFINITE_RECURSION = YES;
				CLANG_WARN_INT_CONVERSION = YES;
				CLANG_WARN_OBJC_ROOT_CLASS = YES_ERROR;
				CLANG_WARN_SUSPICIOUS_MOVES = YES;
				CLANG_WARN_UNREACHABLE_CODE = YES;
				CLANG_WARN__DUPLICATE_METHOD_MATCH = YES;
				"CODE_SIGN_IDENTITY[sdk=iphoneos*]" = "iPhone Developer";
				COPY_PHASE_STRIP = NO;
				DEBUG_INFORMATION_FORMAT = "dwarf-with-dsym";
				ENABLE_NS_ASSERTIONS = NO;
				ENABLE_STRICT_OBJC_MSGSEND = YES;
				GCC_C_LANGUAGE_STANDARD = gnu99;
				GCC_NO_COMMON_BLOCKS = YES;
				GCC_WARN_64_TO_32_BIT_CONVERSION = YES;
				GCC_WARN_ABOUT_RETURN_TYPE = YES_ERROR;
				GCC_WARN_UNDECLARED_SELECTOR = YES;
				GCC_WARN_UNINITIALIZED_AUTOS = YES_AGGRESSIVE;
				GCC_WARN_UNUSED_FUNCTION = YES;
				GCC_WARN_UNUSED_VARIABLE = YES;
				IPHONEOS_DEPLOYMENT_TARGET = 10.0;
				MTL_ENABLE_DEBUG_INFO = NO;
				SDKROOT = iphoneos;
				VALIDATE_PRODUCT = YES;
			};
			name = Release;
		};
		4C3947F21DB75BEE00ABAF1F /* Debug */ = {
			isa = XCBuildConfiguration;
			baseConfigurationReference = 30B1D8CA7F4F293FD13D7A44 /* Pods.debug.xcconfig */;
			buildSettings = {
				ASSETCATALOG_COMPILER_APPICON_NAME = AppIcon;
				DEVELOPMENT_TEAM = 8XMYBN9U4K;
				FRAMEWORK_SEARCH_PATHS = (
					"$(inherited)",
					"$(PROJECT_DIR)/WZLiveDemo",
					"$(PROJECT_DIR)",
				);
				GCC_PREFIX_HEADER = /Users/songbiwen/WZ_LiveAPP/WZLiveDemo/WZLiveDemo/PrefixHeader.pch;
				INFOPLIST_FILE = WZLiveDemo/Info.plist;
				LD_RUNPATH_SEARCH_PATHS = "$(inherited) @executable_path/Frameworks";
				PRODUCT_BUNDLE_IDENTIFIER = com.renhedao.WZLiveDemo;
				PRODUCT_NAME = "$(TARGET_NAME)";
			};
			name = Debug;
		};
		4C3947F31DB75BEE00ABAF1F /* Release */ = {
			isa = XCBuildConfiguration;
			baseConfigurationReference = 4D91904E1AEBA39D8299E528 /* Pods.release.xcconfig */;
			buildSettings = {
				ASSETCATALOG_COMPILER_APPICON_NAME = AppIcon;
				DEVELOPMENT_TEAM = 8XMYBN9U4K;
				FRAMEWORK_SEARCH_PATHS = (
					"$(inherited)",
					"$(PROJECT_DIR)/WZLiveDemo",
					"$(PROJECT_DIR)",
				);
				GCC_PREFIX_HEADER = /Users/songbiwen/WZ_LiveAPP/WZLiveDemo/WZLiveDemo/PrefixHeader.pch;
				INFOPLIST_FILE = WZLiveDemo/Info.plist;
				LD_RUNPATH_SEARCH_PATHS = "$(inherited) @executable_path/Frameworks";
				PRODUCT_BUNDLE_IDENTIFIER = com.renhedao.WZLiveDemo;
				PRODUCT_NAME = "$(TARGET_NAME)";
			};
			name = Release;
		};
/* End XCBuildConfiguration section */

/* Begin XCConfigurationList section */
		4C3947D51DB75BEE00ABAF1F /* Build configuration list for PBXProject "WZLiveDemo" */ = {
			isa = XCConfigurationList;
			buildConfigurations = (
				4C3947EF1DB75BEE00ABAF1F /* Debug */,
				4C3947F01DB75BEE00ABAF1F /* Release */,
			);
			defaultConfigurationIsVisible = 0;
			defaultConfigurationName = Release;
		};
		4C3947F11DB75BEE00ABAF1F /* Build configuration list for PBXNativeTarget "WZLiveDemo" */ = {
			isa = XCConfigurationList;
			buildConfigurations = (
				4C3947F21DB75BEE00ABAF1F /* Debug */,
				4C3947F31DB75BEE00ABAF1F /* Release */,
			);
			defaultConfigurationIsVisible = 0;
			defaultConfigurationName = Release;
		};
/* End XCConfigurationList section */
	};
	rootObject = 4C3947D21DB75BEE00ABAF1F /* Project object */;
}
